// !$*UTF8*$!
{
	archiveVersion = 1;
	classes = {
	};
	objectVersion = 56;
	objects = {

/* Begin PBXBuildFile section */
		2B2B9A5B2A2F5F0300AE2336 /* PostgreSQLDriver.swift in Sources */ = {isa = PBXBuildFile; fileRef = 2B2B9A5A2A2F5F0300AE2336 /* PostgreSQLDriver.swift */; };
		2B2B9A5E2A2F603700AE2336 /* PostgresClientKit in Frameworks */ = {isa = PBXBuildFile; productRef = 2B2B9A5D2A2F603700AE2336 /* PostgresClientKit */; };
		2B2B9A602A2F60E200AE2336 /* DatabaseDriver.swift in Sources */ = {isa = PBXBuildFile; fileRef = 2B2B9A5F2A2F60E200AE2336 /* DatabaseDriver.swift */; };
		F79DC3DD2A2F4F2600DB0895 /* OrganizerApp.swift in Sources */ = {isa = PBXBuildFile; fileRef = F79DC3DC2A2F4F2600DB0895 /* OrganizerApp.swift */; };
		F79DC3DF2A2F4F2600DB0895 /* ContentView.swift in Sources */ = {isa = PBXBuildFile; fileRef = F79DC3DE2A2F4F2600DB0895 /* ContentView.swift */; };
		F79DC3E12A2F4F2700DB0895 /* Assets.xcassets in Resources */ = {isa = PBXBuildFile; fileRef = F79DC3E02A2F4F2700DB0895 /* Assets.xcassets */; };
		F79DC3E42A2F4F2700DB0895 /* Preview Assets.xcassets in Resources */ = {isa = PBXBuildFile; fileRef = F79DC3E32A2F4F2700DB0895 /* Preview Assets.xcassets */; };
		F79DC3EE2A2F4F2700DB0895 /* OrganizerTests.swift in Sources */ = {isa = PBXBuildFile; fileRef = F79DC3ED2A2F4F2700DB0895 /* OrganizerTests.swift */; };
		F79DC3F82A2F4F2700DB0895 /* OrganizerUITests.swift in Sources */ = {isa = PBXBuildFile; fileRef = F79DC3F72A2F4F2700DB0895 /* OrganizerUITests.swift */; };
		F79DC3FA2A2F4F2700DB0895 /* OrganizerUITestsLaunchTests.swift in Sources */ = {isa = PBXBuildFile; fileRef = F79DC3F92A2F4F2700DB0895 /* OrganizerUITestsLaunchTests.swift */; };
		F79DC4092A2F4F3A00DB0895 /* FestivalDetailModel.swift in Sources */ = {isa = PBXBuildFile; fileRef = F79DC4062A2F4F3A00DB0895 /* FestivalDetailModel.swift */; };
		F79DC40C2A2F4F3A00DB0895 /* Festival.swift in Sources */ = {isa = PBXBuildFile; fileRef = F79DC4072A2F4F3A00DB0895 /* Festival.swift */; };
		F79DC40F2A2F4F3A00DB0895 /* FestivalDetail.swift in Sources */ = {isa = PBXBuildFile; fileRef = F79DC4082A2F4F3A00DB0895 /* FestivalDetail.swift */; };
/* End PBXBuildFile section */

/* Begin PBXContainerItemProxy section */
		F79DC3EA2A2F4F2700DB0895 /* PBXContainerItemProxy */ = {
			isa = PBXContainerItemProxy;
			containerPortal = F79DC3D12A2F4F2600DB0895 /* Project object */;
			proxyType = 1;
			remoteGlobalIDString = F79DC3D82A2F4F2600DB0895;
			remoteInfo = Organizer;
		};
		F79DC3F42A2F4F2700DB0895 /* PBXContainerItemProxy */ = {
			isa = PBXContainerItemProxy;
			containerPortal = F79DC3D12A2F4F2600DB0895 /* Project object */;
			proxyType = 1;
			remoteGlobalIDString = F79DC3D82A2F4F2600DB0895;
			remoteInfo = Organizer;
		};
/* End PBXContainerItemProxy section */

/* Begin PBXFileReference section */
		2B2B9A5A2A2F5F0300AE2336 /* PostgreSQLDriver.swift */ = {isa = PBXFileReference; lastKnownFileType = sourcecode.swift; path = PostgreSQLDriver.swift; sourceTree = "<group>"; };
		2B2B9A5F2A2F60E200AE2336 /* DatabaseDriver.swift */ = {isa = PBXFileReference; lastKnownFileType = sourcecode.swift; path = DatabaseDriver.swift; sourceTree = "<group>"; };
		F79DC3D92A2F4F2600DB0895 /* Organizer.app */ = {isa = PBXFileReference; explicitFileType = wrapper.application; includeInIndex = 0; path = Organizer.app; sourceTree = BUILT_PRODUCTS_DIR; };
		F79DC3DC2A2F4F2600DB0895 /* OrganizerApp.swift */ = {isa = PBXFileReference; lastKnownFileType = sourcecode.swift; path = OrganizerApp.swift; sourceTree = "<group>"; };
		F79DC3DE2A2F4F2600DB0895 /* ContentView.swift */ = {isa = PBXFileReference; lastKnownFileType = sourcecode.swift; path = ContentView.swift; sourceTree = "<group>"; };
		F79DC3E02A2F4F2700DB0895 /* Assets.xcassets */ = {isa = PBXFileReference; lastKnownFileType = folder.assetcatalog; path = Assets.xcassets; sourceTree = "<group>"; };
		F79DC3E32A2F4F2700DB0895 /* Preview Assets.xcassets */ = {isa = PBXFileReference; lastKnownFileType = folder.assetcatalog; path = "Preview Assets.xcassets"; sourceTree = "<group>"; };
		F79DC3E92A2F4F2700DB0895 /* OrganizerTests.xctest */ = {isa = PBXFileReference; explicitFileType = wrapper.cfbundle; includeInIndex = 0; path = OrganizerTests.xctest; sourceTree = BUILT_PRODUCTS_DIR; };
		F79DC3ED2A2F4F2700DB0895 /* OrganizerTests.swift */ = {isa = PBXFileReference; lastKnownFileType = sourcecode.swift; path = OrganizerTests.swift; sourceTree = "<group>"; };
		F79DC3F32A2F4F2700DB0895 /* OrganizerUITests.xctest */ = {isa = PBXFileReference; explicitFileType = wrapper.cfbundle; includeInIndex = 0; path = OrganizerUITests.xctest; sourceTree = BUILT_PRODUCTS_DIR; };
		F79DC3F72A2F4F2700DB0895 /* OrganizerUITests.swift */ = {isa = PBXFileReference; lastKnownFileType = sourcecode.swift; path = OrganizerUITests.swift; sourceTree = "<group>"; };
		F79DC3F92A2F4F2700DB0895 /* OrganizerUITestsLaunchTests.swift */ = {isa = PBXFileReference; lastKnownFileType = sourcecode.swift; path = OrganizerUITestsLaunchTests.swift; sourceTree = "<group>"; };
		F79DC4062A2F4F3A00DB0895 /* FestivalDetailModel.swift */ = {isa = PBXFileReference; fileEncoding = 4; lastKnownFileType = sourcecode.swift; path = FestivalDetailModel.swift; sourceTree = "<group>"; };
		F79DC4072A2F4F3A00DB0895 /* Festival.swift */ = {isa = PBXFileReference; fileEncoding = 4; lastKnownFileType = sourcecode.swift; path = Festival.swift; sourceTree = "<group>"; };
		F79DC4082A2F4F3A00DB0895 /* FestivalDetail.swift */ = {isa = PBXFileReference; fileEncoding = 4; lastKnownFileType = sourcecode.swift; path = FestivalDetail.swift; sourceTree = "<group>"; };
/* End PBXFileReference section */

/* Begin PBXFrameworksBuildPhase section */
		F79DC3D62A2F4F2600DB0895 /* Frameworks */ = {
			isa = PBXFrameworksBuildPhase;
			buildActionMask = 2147483647;
			files = (
				2B2B9A5E2A2F603700AE2336 /* PostgresClientKit in Frameworks */,
			);
			runOnlyForDeploymentPostprocessing = 0;
		};
		F79DC3E62A2F4F2700DB0895 /* Frameworks */ = {
			isa = PBXFrameworksBuildPhase;
			buildActionMask = 2147483647;
			files = (
			);
			runOnlyForDeploymentPostprocessing = 0;
		};
		F79DC3F02A2F4F2700DB0895 /* Frameworks */ = {
			isa = PBXFrameworksBuildPhase;
			buildActionMask = 2147483647;
			files = (
			);
			runOnlyForDeploymentPostprocessing = 0;
		};
/* End PBXFrameworksBuildPhase section */

/* Begin PBXGroup section */
		F79DC3D02A2F4F2600DB0895 = {
			isa = PBXGroup;
			children = (
				F79DC3DB2A2F4F2600DB0895 /* Organizer */,
				F79DC3EC2A2F4F2700DB0895 /* OrganizerTests */,
				F79DC3F62A2F4F2700DB0895 /* OrganizerUITests */,
				F79DC3DA2A2F4F2600DB0895 /* Products */,
			);
			sourceTree = "<group>";
		};
		F79DC3DA2A2F4F2600DB0895 /* Products */ = {
			isa = PBXGroup;
			children = (
				F79DC3D92A2F4F2600DB0895 /* Organizer.app */,
				F79DC3E92A2F4F2700DB0895 /* OrganizerTests.xctest */,
				F79DC3F32A2F4F2700DB0895 /* OrganizerUITests.xctest */,
			);
			name = Products;
			sourceTree = "<group>";
		};
		F79DC3DB2A2F4F2600DB0895 /* Organizer */ = {
			isa = PBXGroup;
			children = (
				F79DC3DC2A2F4F2600DB0895 /* OrganizerApp.swift */,
				F79DC3DE2A2F4F2600DB0895 /* ContentView.swift */,
				F79DC4072A2F4F3A00DB0895 /* Festival.swift */,
				F79DC4082A2F4F3A00DB0895 /* FestivalDetail.swift */,
				F79DC4062A2F4F3A00DB0895 /* FestivalDetailModel.swift */,
				F79DC3E02A2F4F2700DB0895 /* Assets.xcassets */,
				F79DC3E22A2F4F2700DB0895 /* Preview Content */,
				2B2B9A5A2A2F5F0300AE2336 /* PostgreSQLDriver.swift */,
				2B2B9A5F2A2F60E200AE2336 /* DatabaseDriver.swift */,
			);
			path = Organizer;
			sourceTree = "<group>";
		};
		F79DC3E22A2F4F2700DB0895 /* Preview Content */ = {
			isa = PBXGroup;
			children = (
				F79DC3E32A2F4F2700DB0895 /* Preview Assets.xcassets */,
			);
			path = "Preview Content";
			sourceTree = "<group>";
		};
		F79DC3EC2A2F4F2700DB0895 /* OrganizerTests */ = {
			isa = PBXGroup;
			children = (
				F79DC3ED2A2F4F2700DB0895 /* OrganizerTests.swift */,
			);
			path = OrganizerTests;
			sourceTree = "<group>";
		};
		F79DC3F62A2F4F2700DB0895 /* OrganizerUITests */ = {
			isa = PBXGroup;
			children = (
				F79DC3F72A2F4F2700DB0895 /* OrganizerUITests.swift */,
				F79DC3F92A2F4F2700DB0895 /* OrganizerUITestsLaunchTests.swift */,
			);
			path = OrganizerUITests;
			sourceTree = "<group>";
		};
/* End PBXGroup section */

/* Begin PBXNativeTarget section */
		F79DC3D82A2F4F2600DB0895 /* Organizer */ = {
			isa = PBXNativeTarget;
			buildConfigurationList = F79DC3FD2A2F4F2700DB0895 /* Build configuration list for PBXNativeTarget "Organizer" */;
			buildPhases = (
				F79DC3D52A2F4F2600DB0895 /* Sources */,
				F79DC3D62A2F4F2600DB0895 /* Frameworks */,
				F79DC3D72A2F4F2600DB0895 /* Resources */,
			);
			buildRules = (
			);
			dependencies = (
			);
			name = Organizer;
			packageProductDependencies = (
				2B2B9A5D2A2F603700AE2336 /* PostgresClientKit */,
			);
			productName = Organizer;
			productReference = F79DC3D92A2F4F2600DB0895 /* Organizer.app */;
			productType = "com.apple.product-type.application";
		};
		F79DC3E82A2F4F2700DB0895 /* OrganizerTests */ = {
			isa = PBXNativeTarget;
			buildConfigurationList = F79DC4002A2F4F2700DB0895 /* Build configuration list for PBXNativeTarget "OrganizerTests" */;
			buildPhases = (
				F79DC3E52A2F4F2700DB0895 /* Sources */,
				F79DC3E62A2F4F2700DB0895 /* Frameworks */,
				F79DC3E72A2F4F2700DB0895 /* Resources */,
			);
			buildRules = (
			);
			dependencies = (
				F79DC3EB2A2F4F2700DB0895 /* PBXTargetDependency */,
			);
			name = OrganizerTests;
			productName = OrganizerTests;
			productReference = F79DC3E92A2F4F2700DB0895 /* OrganizerTests.xctest */;
			productType = "com.apple.product-type.bundle.unit-test";
		};
		F79DC3F22A2F4F2700DB0895 /* OrganizerUITests */ = {
			isa = PBXNativeTarget;
			buildConfigurationList = F79DC4032A2F4F2700DB0895 /* Build configuration list for PBXNativeTarget "OrganizerUITests" */;
			buildPhases = (
				F79DC3EF2A2F4F2700DB0895 /* Sources */,
				F79DC3F02A2F4F2700DB0895 /* Frameworks */,
				F79DC3F12A2F4F2700DB0895 /* Resources */,
			);
			buildRules = (
			);
			dependencies = (
				F79DC3F52A2F4F2700DB0895 /* PBXTargetDependency */,
			);
			name = OrganizerUITests;
			productName = OrganizerUITests;
			productReference = F79DC3F32A2F4F2700DB0895 /* OrganizerUITests.xctest */;
			productType = "com.apple.product-type.bundle.ui-testing";
		};
/* End PBXNativeTarget section */

/* Begin PBXProject section */
		F79DC3D12A2F4F2600DB0895 /* Project object */ = {
			isa = PBXProject;
			attributes = {
				BuildIndependentTargetsInParallel = 1;
				LastSwiftUpdateCheck = 1430;
				LastUpgradeCheck = 1430;
				TargetAttributes = {
					F79DC3D82A2F4F2600DB0895 = {
						CreatedOnToolsVersion = 14.3.1;
					};
					F79DC3E82A2F4F2700DB0895 = {
						CreatedOnToolsVersion = 14.3.1;
						TestTargetID = F79DC3D82A2F4F2600DB0895;
					};
					F79DC3F22A2F4F2700DB0895 = {
						CreatedOnToolsVersion = 14.3.1;
						TestTargetID = F79DC3D82A2F4F2600DB0895;
					};
				};
			};
			buildConfigurationList = F79DC3D42A2F4F2600DB0895 /* Build configuration list for PBXProject "Organizer" */;
			compatibilityVersion = "Xcode 14.0";
			developmentRegion = en;
			hasScannedForEncodings = 0;
			knownRegions = (
				en,
				Base,
			);
			mainGroup = F79DC3D02A2F4F2600DB0895;
			packageReferences = (
				2B2B9A5C2A2F603700AE2336 /* XCRemoteSwiftPackageReference "PostgresClientKit" */,
			);
			productRefGroup = F79DC3DA2A2F4F2600DB0895 /* Products */;
			projectDirPath = "";
			projectRoot = "";
			targets = (
				F79DC3D82A2F4F2600DB0895 /* Organizer */,
				F79DC3E82A2F4F2700DB0895 /* OrganizerTests */,
				F79DC3F22A2F4F2700DB0895 /* OrganizerUITests */,
			);
		};
/* End PBXProject section */

/* Begin PBXResourcesBuildPhase section */
		F79DC3D72A2F4F2600DB0895 /* Resources */ = {
			isa = PBXResourcesBuildPhase;
			buildActionMask = 2147483647;
			files = (
				F79DC3E42A2F4F2700DB0895 /* Preview Assets.xcassets in Resources */,
				F79DC3E12A2F4F2700DB0895 /* Assets.xcassets in Resources */,
			);
			runOnlyForDeploymentPostprocessing = 0;
		};
		F79DC3E72A2F4F2700DB0895 /* Resources */ = {
			isa = PBXResourcesBuildPhase;
			buildActionMask = 2147483647;
			files = (
			);
			runOnlyForDeploymentPostprocessing = 0;
		};
		F79DC3F12A2F4F2700DB0895 /* Resources */ = {
			isa = PBXResourcesBuildPhase;
			buildActionMask = 2147483647;
			files = (
			);
			runOnlyForDeploymentPostprocessing = 0;
		};
/* End PBXResourcesBuildPhase section */

/* Begin PBXSourcesBuildPhase section */
		F79DC3D52A2F4F2600DB0895 /* Sources */ = {
			isa = PBXSourcesBuildPhase;
			buildActionMask = 2147483647;
			files = (
				F79DC4092A2F4F3A00DB0895 /* FestivalDetailModel.swift in Sources */,
				2B2B9A5B2A2F5F0300AE2336 /* PostgreSQLDriver.swift in Sources */,
				2B2B9A602A2F60E200AE2336 /* DatabaseDriver.swift in Sources */,
				F79DC3DF2A2F4F2600DB0895 /* ContentView.swift in Sources */,
				F79DC3DD2A2F4F2600DB0895 /* OrganizerApp.swift in Sources */,
				F79DC40F2A2F4F3A00DB0895 /* FestivalDetail.swift in Sources */,
				F79DC40C2A2F4F3A00DB0895 /* Festival.swift in Sources */,
			);
			runOnlyForDeploymentPostprocessing = 0;
		};
		F79DC3E52A2F4F2700DB0895 /* Sources */ = {
			isa = PBXSourcesBuildPhase;
			buildActionMask = 2147483647;
			files = (
				F79DC3EE2A2F4F2700DB0895 /* OrganizerTests.swift in Sources */,
			);
			runOnlyForDeploymentPostprocessing = 0;
		};
		F79DC3EF2A2F4F2700DB0895 /* Sources */ = {
			isa = PBXSourcesBuildPhase;
			buildActionMask = 2147483647;
			files = (
				F79DC3FA2A2F4F2700DB0895 /* OrganizerUITestsLaunchTests.swift in Sources */,
				F79DC3F82A2F4F2700DB0895 /* OrganizerUITests.swift in Sources */,
			);
			runOnlyForDeploymentPostprocessing = 0;
		};
/* End PBXSourcesBuildPhase section */

/* Begin PBXTargetDependency section */
		F79DC3EB2A2F4F2700DB0895 /* PBXTargetDependency */ = {
			isa = PBXTargetDependency;
			target = F79DC3D82A2F4F2600DB0895 /* Organizer */;
			targetProxy = F79DC3EA2A2F4F2700DB0895 /* PBXContainerItemProxy */;
		};
		F79DC3F52A2F4F2700DB0895 /* PBXTargetDependency */ = {
			isa = PBXTargetDependency;
			target = F79DC3D82A2F4F2600DB0895 /* Organizer */;
			targetProxy = F79DC3F42A2F4F2700DB0895 /* PBXContainerItemProxy */;
		};
/* End PBXTargetDependency section */

/* Begin XCBuildConfiguration section */
		F79DC3FB2A2F4F2700DB0895 /* Debug */ = {
			isa = XCBuildConfiguration;
			buildSettings = {
				ALWAYS_SEARCH_USER_PATHS = NO;
				CLANG_ANALYZER_NONNULL = YES;
				CLANG_ANALYZER_NUMBER_OBJECT_CONVERSION = YES_AGGRESSIVE;
				CLANG_CXX_LANGUAGE_STANDARD = "gnu++20";
				CLANG_ENABLE_MODULES = YES;
				CLANG_ENABLE_OBJC_ARC = YES;
				CLANG_ENABLE_OBJC_WEAK = YES;
				CLANG_WARN_BLOCK_CAPTURE_AUTORELEASING = YES;
				CLANG_WARN_BOOL_CONVERSION = YES;
				CLANG_WARN_COMMA = YES;
				CLANG_WARN_CONSTANT_CONVERSION = YES;
				CLANG_WARN_DEPRECATED_OBJC_IMPLEMENTATIONS = YES;
				CLANG_WARN_DIRECT_OBJC_ISA_USAGE = YES_ERROR;
				CLANG_WARN_DOCUMENTATION_COMMENTS = YES;
				CLANG_WARN_EMPTY_BODY = YES;
				CLANG_WARN_ENUM_CONVERSION = YES;
				CLANG_WARN_INFINITE_RECURSION = YES;
				CLANG_WARN_INT_CONVERSION = YES;
				CLANG_WARN_NON_LITERAL_NULL_CONVERSION = YES;
				CLANG_WARN_OBJC_IMPLICIT_RETAIN_SELF = YES;
				CLANG_WARN_OBJC_LITERAL_CONVERSION = YES;
				CLANG_WARN_OBJC_ROOT_CLASS = YES_ERROR;
				CLANG_WARN_QUOTED_INCLUDE_IN_FRAMEWORK_HEADER = YES;
				CLANG_WARN_RANGE_LOOP_ANALYSIS = YES;
				CLANG_WARN_STRICT_PROTOTYPES = YES;
				CLANG_WARN_SUSPICIOUS_MOVE = YES;
				CLANG_WARN_UNGUARDED_AVAILABILITY = YES_AGGRESSIVE;
				CLANG_WARN_UNREACHABLE_CODE = YES;
				CLANG_WARN__DUPLICATE_METHOD_MATCH = YES;
				COPY_PHASE_STRIP = NO;
				DEBUG_INFORMATION_FORMAT = dwarf;
				ENABLE_STRICT_OBJC_MSGSEND = YES;
				ENABLE_TESTABILITY = YES;
				GCC_C_LANGUAGE_STANDARD = gnu11;
				GCC_DYNAMIC_NO_PIC = NO;
				GCC_NO_COMMON_BLOCKS = YES;
				GCC_OPTIMIZATION_LEVEL = 0;
				GCC_PREPROCESSOR_DEFINITIONS = (
					"DEBUG=1",
					"$(inherited)",
				);
				GCC_WARN_64_TO_32_BIT_CONVERSION = YES;
				GCC_WARN_ABOUT_RETURN_TYPE = YES_ERROR;
				GCC_WARN_UNDECLARED_SELECTOR = YES;
				GCC_WARN_UNINITIALIZED_AUTOS = YES_AGGRESSIVE;
				GCC_WARN_UNUSED_FUNCTION = YES;
				GCC_WARN_UNUSED_VARIABLE = YES;
				IPHONEOS_DEPLOYMENT_TARGET = 16.4;
				MTL_ENABLE_DEBUG_INFO = INCLUDE_SOURCE;
				MTL_FAST_MATH = YES;
				ONLY_ACTIVE_ARCH = YES;
				SDKROOT = iphoneos;
				SWIFT_ACTIVE_COMPILATION_CONDITIONS = DEBUG;
				SWIFT_OPTIMIZATION_LEVEL = "-Onone";
			};
			name = Debug;
		};
		F79DC3FC2A2F4F2700DB0895 /* Release */ = {
			isa = XCBuildConfiguration;
			buildSettings = {
				ALWAYS_SEARCH_USER_PATHS = NO;
				CLANG_ANALYZER_NONNULL = YES;
				CLANG_ANALYZER_NUMBER_OBJECT_CONVERSION = YES_AGGRESSIVE;
				CLANG_CXX_LANGUAGE_STANDARD = "gnu++20";
				CLANG_ENABLE_MODULES = YES;
				CLANG_ENABLE_OBJC_ARC = YES;
				CLANG_ENABLE_OBJC_WEAK = YES;
				CLANG_WARN_BLOCK_CAPTURE_AUTORELEASING = YES;
				CLANG_WARN_BOOL_CONVERSION = YES;
				CLANG_WARN_COMMA = YES;
				CLANG_WARN_CONSTANT_CONVERSION = YES;
				CLANG_WARN_DEPRECATED_OBJC_IMPLEMENTATIONS = YES;
				CLANG_WARN_DIRECT_OBJC_ISA_USAGE = YES_ERROR;
				CLANG_WARN_DOCUMENTATION_COMMENTS = YES;
				CLANG_WARN_EMPTY_BODY = YES;
				CLANG_WARN_ENUM_CONVERSION = YES;
				CLANG_WARN_INFINITE_RECURSION = YES;
				CLANG_WARN_INT_CONVERSION = YES;
				CLANG_WARN_NON_LITERAL_NULL_CONVERSION = YES;
				CLANG_WARN_OBJC_IMPLICIT_RETAIN_SELF = YES;
				CLANG_WARN_OBJC_LITERAL_CONVERSION = YES;
				CLANG_WARN_OBJC_ROOT_CLASS = YES_ERROR;
				CLANG_WARN_QUOTED_INCLUDE_IN_FRAMEWORK_HEADER = YES;
				CLANG_WARN_RANGE_LOOP_ANALYSIS = YES;
				CLANG_WARN_STRICT_PROTOTYPES = YES;
				CLANG_WARN_SUSPICIOUS_MOVE = YES;
				CLANG_WARN_UNGUARDED_AVAILABILITY = YES_AGGRESSIVE;
				CLANG_WARN_UNREACHABLE_CODE = YES;
				CLANG_WARN__DUPLICATE_METHOD_MATCH = YES;
				COPY_PHASE_STRIP = NO;
				DEBUG_INFORMATION_FORMAT = "dwarf-with-dsym";
				ENABLE_NS_ASSERTIONS = NO;
				ENABLE_STRICT_OBJC_MSGSEND = YES;
				GCC_C_LANGUAGE_STANDARD = gnu11;
				GCC_NO_COMMON_BLOCKS = YES;
				GCC_WARN_64_TO_32_BIT_CONVERSION = YES;
				GCC_WARN_ABOUT_RETURN_TYPE = YES_ERROR;
				GCC_WARN_UNDECLARED_SELECTOR = YES;
				GCC_WARN_UNINITIALIZED_AUTOS = YES_AGGRESSIVE;
				GCC_WARN_UNUSED_FUNCTION = YES;
				GCC_WARN_UNUSED_VARIABLE = YES;
				IPHONEOS_DEPLOYMENT_TARGET = 16.4;
				MTL_ENABLE_DEBUG_INFO = NO;
				MTL_FAST_MATH = YES;
				SDKROOT = iphoneos;
				SWIFT_COMPILATION_MODE = wholemodule;
				SWIFT_OPTIMIZATION_LEVEL = "-O";
				VALIDATE_PRODUCT = YES;
			};
			name = Release;
		};
		F79DC3FE2A2F4F2700DB0895 /* Debug */ = {
			isa = XCBuildConfiguration;
			buildSettings = {
				ASSETCATALOG_COMPILER_APPICON_NAME = AppIcon;
				ASSETCATALOG_COMPILER_GLOBAL_ACCENT_COLOR_NAME = AccentColor;
				CODE_SIGN_STYLE = Automatic;
				CURRENT_PROJECT_VERSION = 1;
				DEVELOPMENT_ASSET_PATHS = "\"Organizer/Preview Content\"";
				DEVELOPMENT_TEAM = T63HK34WJX;
				ENABLE_PREVIEWS = YES;
				GENERATE_INFOPLIST_FILE = YES;
				INFOPLIST_KEY_UIApplicationSceneManifest_Generation = YES;
				INFOPLIST_KEY_UIApplicationSupportsIndirectInputEvents = YES;
				INFOPLIST_KEY_UILaunchScreen_Generation = YES;
				INFOPLIST_KEY_UISupportedInterfaceOrientations_iPad = "UIInterfaceOrientationPortrait UIInterfaceOrientationPortraitUpsideDown UIInterfaceOrientationLandscapeLeft UIInterfaceOrientationLandscapeRight";
				INFOPLIST_KEY_UISupportedInterfaceOrientations_iPhone = "UIInterfaceOrientationPortrait UIInterfaceOrientationLandscapeLeft UIInterfaceOrientationLandscapeRight";
				LD_RUNPATH_SEARCH_PATHS = (
					"$(inherited)",
					"@executable_path/Frameworks",
				);
				MARKETING_VERSION = 1.0;
				PRODUCT_BUNDLE_IDENTIFIER = nadaStruharova.testApp.Organizer;
				PRODUCT_NAME = "$(TARGET_NAME)";
				SWIFT_EMIT_LOC_STRINGS = YES;
				SWIFT_VERSION = 5.0;
				TARGETED_DEVICE_FAMILY = "1,2";
			};
			name = Debug;
		};
		F79DC3FF2A2F4F2700DB0895 /* Release */ = {
			isa = XCBuildConfiguration;
			buildSettings = {
				ASSETCATALOG_COMPILER_APPICON_NAME = AppIcon;
				ASSETCATALOG_COMPILER_GLOBAL_ACCENT_COLOR_NAME = AccentColor;
				CODE_SIGN_STYLE = Automatic;
				CURRENT_PROJECT_VERSION = 1;
				DEVELOPMENT_ASSET_PATHS = "\"Organizer/Preview Content\"";
				DEVELOPMENT_TEAM = T63HK34WJX;
				ENABLE_PREVIEWS = YES;
				GENERATE_INFOPLIST_FILE = YES;
				INFOPLIST_KEY_UIApplicationSceneManifest_Generation = YES;
				INFOPLIST_KEY_UIApplicationSupportsIndirectInputEvents = YES;
				INFOPLIST_KEY_UILaunchScreen_Generation = YES;
				INFOPLIST_KEY_UISupportedInterfaceOrientations_iPad = "UIInterfaceOrientationPortrait UIInterfaceOrientationPortraitUpsideDown UIInterfaceOrientationLandscapeLeft UIInterfaceOrientationLandscapeRight";
				INFOPLIST_KEY_UISupportedInterfaceOrientations_iPhone = "UIInterfaceOrientationPortrait UIInterfaceOrientationLandscapeLeft UIInterfaceOrientationLandscapeRight";
				LD_RUNPATH_SEARCH_PATHS = (
					"$(inherited)",
					"@executable_path/Frameworks",
				);
				MARKETING_VERSION = 1.0;
				PRODUCT_BUNDLE_IDENTIFIER = nadaStruharova.testApp.Organizer;
				PRODUCT_NAME = "$(TARGET_NAME)";
				SWIFT_EMIT_LOC_STRINGS = YES;
				SWIFT_VERSION = 5.0;
				TARGETED_DEVICE_FAMILY = "1,2";
			};
			name = Release;
		};
		F79DC4012A2F4F2700DB0895 /* Debug */ = {
			isa = XCBuildConfiguration;
			buildSettings = {
				ALWAYS_EMBED_SWIFT_STANDARD_LIBRARIES = YES;
				BUNDLE_LOADER = "$(TEST_HOST)";
				CODE_SIGN_STYLE = Automatic;
				CURRENT_PROJECT_VERSION = 1;
				DEVELOPMENT_TEAM = T63HK34WJX;
				GENERATE_INFOPLIST_FILE = YES;
				IPHONEOS_DEPLOYMENT_TARGET = 16.4;
				MARKETING_VERSION = 1.0;
				PRODUCT_BUNDLE_IDENTIFIER = nadaStruharova.testApp.OrganizerTests;
				PRODUCT_NAME = "$(TARGET_NAME)";
				SWIFT_EMIT_LOC_STRINGS = NO;
				SWIFT_VERSION = 5.0;
				TARGETED_DEVICE_FAMILY = "1,2";
				TEST_HOST = "$(BUILT_PRODUCTS_DIR)/Organizer.app/$(BUNDLE_EXECUTABLE_FOLDER_PATH)/Organizer";
			};
			name = Debug;
		};
		F79DC4022A2F4F2700DB0895 /* Release */ = {
			isa = XCBuildConfiguration;
			buildSettings = {
				ALWAYS_EMBED_SWIFT_STANDARD_LIBRARIES = YES;
				BUNDLE_LOADER = "$(TEST_HOST)";
				CODE_SIGN_STYLE = Automatic;
				CURRENT_PROJECT_VERSION = 1;
				DEVELOPMENT_TEAM = T63HK34WJX;
				GENERATE_INFOPLIST_FILE = YES;
				IPHONEOS_DEPLOYMENT_TARGET = 16.4;
				MARKETING_VERSION = 1.0;
				PRODUCT_BUNDLE_IDENTIFIER = nadaStruharova.testApp.OrganizerTests;
				PRODUCT_NAME = "$(TARGET_NAME)";
				SWIFT_EMIT_LOC_STRINGS = NO;
				SWIFT_VERSION = 5.0;
				TARGETED_DEVICE_FAMILY = "1,2";
				TEST_HOST = "$(BUILT_PRODUCTS_DIR)/Organizer.app/$(BUNDLE_EXECUTABLE_FOLDER_PATH)/Organizer";
			};
			name = Release;
		};
		F79DC4042A2F4F2700DB0895 /* Debug */ = {
			isa = XCBuildConfiguration;
			buildSettings = {
				ALWAYS_EMBED_SWIFT_STANDARD_LIBRARIES = YES;
				CODE_SIGN_STYLE = Automatic;
				CURRENT_PROJECT_VERSION = 1;
				DEVELOPMENT_TEAM = T63HK34WJX;
				GENERATE_INFOPLIST_FILE = YES;
				MARKETING_VERSION = 1.0;
				PRODUCT_BUNDLE_IDENTIFIER = nadaStruharova.testApp.OrganizerUITests;
				PRODUCT_NAME = "$(TARGET_NAME)";
				SWIFT_EMIT_LOC_STRINGS = NO;
				SWIFT_VERSION = 5.0;
				TARGETED_DEVICE_FAMILY = "1,2";
				TEST_TARGET_NAME = Organizer;
			};
			name = Debug;
		};
		F79DC4052A2F4F2700DB0895 /* Release */ = {
			isa = XCBuildConfiguration;
			buildSettings = {
				ALWAYS_EMBED_SWIFT_STANDARD_LIBRARIES = YES;
				CODE_SIGN_STYLE = Automatic;
				CURRENT_PROJECT_VERSION = 1;
				DEVELOPMENT_TEAM = T63HK34WJX;
				GENERATE_INFOPLIST_FILE = YES;
				MARKETING_VERSION = 1.0;
				PRODUCT_BUNDLE_IDENTIFIER = nadaStruharova.testApp.OrganizerUITests;
				PRODUCT_NAME = "$(TARGET_NAME)";
				SWIFT_EMIT_LOC_STRINGS = NO;
				SWIFT_VERSION = 5.0;
				TARGETED_DEVICE_FAMILY = "1,2";
				TEST_TARGET_NAME = Organizer;
			};
			name = Release;
		};
/* End XCBuildConfiguration section */

/* Begin XCConfigurationList section */
		F79DC3D42A2F4F2600DB0895 /* Build configuration list for PBXProject "Organizer" */ = {
			isa = XCConfigurationList;
			buildConfigurations = (
				F79DC3FB2A2F4F2700DB0895 /* Debug */,
				F79DC3FC2A2F4F2700DB0895 /* Release */,
			);
			defaultConfigurationIsVisible = 0;
			defaultConfigurationName = Release;
		};
		F79DC3FD2A2F4F2700DB0895 /* Build configuration list for PBXNativeTarget "Organizer" */ = {
			isa = XCConfigurationList;
			buildConfigurations = (
				F79DC3FE2A2F4F2700DB0895 /* Debug */,
				F79DC3FF2A2F4F2700DB0895 /* Release */,
			);
			defaultConfigurationIsVisible = 0;
			defaultConfigurationName = Release;
		};
		F79DC4002A2F4F2700DB0895 /* Build configuration list for PBXNativeTarget "OrganizerTests" */ = {
			isa = XCConfigurationList;
			buildConfigurations = (
				F79DC4012A2F4F2700DB0895 /* Debug */,
				F79DC4022A2F4F2700DB0895 /* Release */,
			);
			defaultConfigurationIsVisible = 0;
			defaultConfigurationName = Release;
		};
		F79DC4032A2F4F2700DB0895 /* Build configuration list for PBXNativeTarget "OrganizerUITests" */ = {
			isa = XCConfigurationList;
			buildConfigurations = (
				F79DC4042A2F4F2700DB0895 /* Debug */,
				F79DC4052A2F4F2700DB0895 /* Release */,
			);
			defaultConfigurationIsVisible = 0;
			defaultConfigurationName = Release;
		};
/* End XCConfigurationList section */

/* Begin XCRemoteSwiftPackageReference section */
		2B2B9A5C2A2F603700AE2336 /* XCRemoteSwiftPackageReference "PostgresClientKit" */ = {
			isa = XCRemoteSwiftPackageReference;
			repositoryURL = "https://github.com/codewinsdotcom/PostgresClientKit";
			requirement = {
				branch = master;
				kind = branch;
			};
		};
/* End XCRemoteSwiftPackageReference section */

/* Begin XCSwiftPackageProductDependency section */
		2B2B9A5D2A2F603700AE2336 /* PostgresClientKit */ = {
			isa = XCSwiftPackageProductDependency;
			package = 2B2B9A5C2A2F603700AE2336 /* XCRemoteSwiftPackageReference "PostgresClientKit" */;
			productName = PostgresClientKit;
		};
/* End XCSwiftPackageProductDependency section */
	};
	rootObject = F79DC3D12A2F4F2600DB0895 /* Project object */;
}
